{
  "name": "portfolio",
  "lockfileVersion": 3,
  "requires": true,
  "packages": {
    "": {
      "devDependencies": {
        "turbo": "^2.1.0"
      }
    },
    "node_modules/turbo": {
      "version": "2.1.0",
      "resolved": "https://registry.npmjs.org/turbo/-/turbo-2.1.0.tgz",
      "integrity": "sha512-A969/LO/sPHKlapIarY2VVzqQ5JnnW2/1kksZlnMEpsRD6gwOELvVL+ozfMiO7av9RILt3UeN02L17efr6HUCA==",
      "dev": true,
      "bin": {
        "turbo": "bin/turbo"
      },
      "optionalDependencies": {
        "turbo-darwin-64": "2.1.0",
        "turbo-darwin-arm64": "2.1.0",
        "turbo-linux-64": "2.1.0",
        "turbo-linux-arm64": "2.1.0",
        "turbo-windows-64": "2.1.0",
        "turbo-windows-arm64": "2.1.0"
      }
    },
    "node_modules/turbo-darwin-64": {
      "version": "2.1.0",
      "resolved": "https://registry.npmjs.org/turbo-darwin-64/-/turbo-darwin-64-2.1.0.tgz",
      "integrity": "sha512-gHwpDk2gyB7qZ57gUUwDIS/IkglqEjjVtPZCTxmCRg28Tiwjui0azsLVKrnHP9UZHllozwbi28x8HXLXLEFF1w==",
      "cpu": [
        "x64"
      ],
      "dev": true,
      "optional": true,
      "os": [
        "darwin"
      ]
    },
    "node_modules/turbo-darwin-arm64": {
      "version": "2.1.0",
      "resolved": "https://registry.npmjs.org/turbo-darwin-arm64/-/turbo-darwin-arm64-2.1.0.tgz",
      "integrity": "sha512-GLaqGetNC6eS4eqXgsheLOHic/OcnGCGDi5boVf+TFZTXYH6YE15L4ugZha4xHXCr1KouCLILHh+f8EHEmWylg==",
      "cpu": [
        "arm64"
      ],
      "dev": true,
      "optional": true,
      "os": [
        "darwin"
      ]
    },
    "node_modules/turbo-linux-64": {
      "version": "2.1.0",
      "resolved": "https://registry.npmjs.org/turbo-linux-64/-/turbo-linux-64-2.1.0.tgz",
      "integrity": "sha512-VzBOsj7JyGoZtiNZZ6brjnY7UehRnClluw7pwznuLPzClkqOOPMd2jOcgkWxnP/xW4NBmOoFANXXrtvKBD4f2w==",
      "cpu": [
        "x64"
      ],
      "dev": true,
      "optional": true,
      "os": [
        "linux"
      ]
    },
    "node_modules/turbo-linux-arm64": {
      "version": "2.1.0",
      "resolved": "https://registry.npmjs.org/turbo-linux-arm64/-/turbo-linux-arm64-2.1.0.tgz",
      "integrity": "sha512-St7svJnOO5g4F6R7Z32e10I/0M3e6qpNjEYybXwPNul9NSfnUXeky4WoKaALwqNhyJ7nYemoFpZ1d+i8hFQTHg==",
      "cpu": [
        "arm64"
      ],
      "dev": true,
      "optional": true,
      "os": [
        "linux"
      ]
    },
    "node_modules/turbo-windows-64": {
      "version": "2.1.0",
      "resolved": "https://registry.npmjs.org/turbo-windows-64/-/turbo-windows-64-2.1.0.tgz",
      "integrity": "sha512-iSobNud2MrJ1SZ1upVPlErT8xexsr0MQtKapdfq6z0M0rBnrDGEq5bUCSScWyGu+O4+glB4br9xkTAkGFqaxqQ==",
      "cpu": [
        "x64"
      ],
      "dev": true,
      "optional": true,
      "os": [
        "win32"
      ]
    },
    "node_modules/turbo-windows-arm64": {
      "version": "2.1.0",
      "resolved": "https://registry.npmjs.org/turbo-windows-arm64/-/turbo-windows-arm64-2.1.0.tgz",
      "integrity": "sha512-d61jN4rjE5PnUfF66GKrKoj8S8Ql4FGXzFFzZz4kjsHpZZzCTtqlzPZBmd1byzGYhDPTorTqG3G1USohbdyohA==",
      "cpu": [
        "arm64"
      ],
      "dev": true,
      "optional": true,
      "os": [
        "win32"
      ]
    }
  }
}
